// !$*UTF8*$!
{
	archiveVersion = 1;
	classes = {
	};
	objectVersion = 46;
	objects = {

/* Begin PBXBuildFile section */
		97E855831A1E2BC20018407E /* AppDelegate.swift in Sources */ = {isa = PBXBuildFile; fileRef = 97E855821A1E2BC20018407E /* AppDelegate.swift */; };
		97E855861A1E2BC20018407E /* SampleCode.xcdatamodeld in Sources */ = {isa = PBXBuildFile; fileRef = 97E855841A1E2BC20018407E /* SampleCode.xcdatamodeld */; };
		97E855881A1E2BC20018407E /* ViewController.swift in Sources */ = {isa = PBXBuildFile; fileRef = 97E855871A1E2BC20018407E /* ViewController.swift */; };
		97E8558B1A1E2BC20018407E /* Main.storyboard in Resources */ = {isa = PBXBuildFile; fileRef = 97E855891A1E2BC20018407E /* Main.storyboard */; };
		97E8558D1A1E2BC20018407E /* Images.xcassets in Resources */ = {isa = PBXBuildFile; fileRef = 97E8558C1A1E2BC20018407E /* Images.xcassets */; };
		97E855901A1E2BC20018407E /* LaunchScreen.xib in Resources */ = {isa = PBXBuildFile; fileRef = 97E8558E1A1E2BC20018407E /* LaunchScreen.xib */; };
		97E8559C1A1E2BC20018407E /* SampleCodeTests.swift in Sources */ = {isa = PBXBuildFile; fileRef = 97E8559B1A1E2BC20018407E /* SampleCodeTests.swift */; };
/* End PBXBuildFile section */

/* Begin PBXContainerItemProxy section */
		97E855961A1E2BC20018407E /* PBXContainerItemProxy */ = {
			isa = PBXContainerItemProxy;
			containerPortal = 97E855751A1E2BC20018407E /* Project object */;
			proxyType = 1;
			remoteGlobalIDString = 97E8557C1A1E2BC20018407E;
			remoteInfo = SampleCode;
		};
/* End PBXContainerItemProxy section */

/* Begin PBXFileReference section */
		97E8557D1A1E2BC20018407E /* SampleCode.app */ = {isa = PBXFileReference; explicitFileType = wrapper.application; includeInIndex = 0; path = SampleCode.app; sourceTree = BUILT_PRODUCTS_DIR; };
		97E855811A1E2BC20018407E /* Info.plist */ = {isa = PBXFileReference; lastKnownFileType = text.plist.xml; path = Info.plist; sourceTree = "<group>"; };
		97E855821A1E2BC20018407E /* AppDelegate.swift */ = {isa = PBXFileReference; lastKnownFileType = sourcecode.swift; path = AppDelegate.swift; sourceTree = "<group>"; };
		97E855851A1E2BC20018407E /* SampleCode.xcdatamodel */ = {isa = PBXFileReference; lastKnownFileType = wrapper.xcdatamodel; path = SampleCode.xcdatamodel; sourceTree = "<group>"; };
		97E855871A1E2BC20018407E /* ViewController.swift */ = {isa = PBXFileReference; lastKnownFileType = sourcecode.swift; path = ViewController.swift; sourceTree = "<group>"; };
		97E8558A1A1E2BC20018407E /* Base */ = {isa = PBXFileReference; lastKnownFileType = file.storyboard; name = Base; path = Base.lproj/Main.storyboard; sourceTree = "<group>"; };
		97E8558C1A1E2BC20018407E /* Images.xcassets */ = {isa = PBXFileReference; lastKnownFileType = folder.assetcatalog; path = Images.xcassets; sourceTree = "<group>"; };
		97E8558F1A1E2BC20018407E /* Base */ = {isa = PBXFileReference; lastKnownFileType = file.xib; name = Base; path = Base.lproj/LaunchScreen.xib; sourceTree = "<group>"; };
		97E855951A1E2BC20018407E /* SampleCodeTests.xctest */ = {isa = PBXFileReference; explicitFileType = wrapper.cfbundle; includeInIndex = 0; path = SampleCodeTests.xctest; sourceTree = BUILT_PRODUCTS_DIR; };
		97E8559A1A1E2BC20018407E /* Info.plist */ = {isa = PBXFileReference; lastKnownFileType = text.plist.xml; path = Info.plist; sourceTree = "<group>"; };
		97E8559B1A1E2BC20018407E /* SampleCodeTests.swift */ = {isa = PBXFileReference; lastKnownFileType = sourcecode.swift; path = SampleCodeTests.swift; sourceTree = "<group>"; };
/* End PBXFileReference section */

/* Begin PBXFrameworksBuildPhase section */
		97E8557A1A1E2BC20018407E /* Frameworks */ = {
			isa = PBXFrameworksBuildPhase;
			buildActionMask = 2147483647;
			files = (
			);
			runOnlyForDeploymentPostprocessing = 0;
		};
		97E855921A1E2BC20018407E /* Frameworks */ = {
			isa = PBXFrameworksBuildPhase;
			buildActionMask = 2147483647;
			files = (
			);
			runOnlyForDeploymentPostprocessing = 0;
		};
/* End PBXFrameworksBuildPhase section */

/* Begin PBXGroup section */
		97E855741A1E2BC20018407E = {
			isa = PBXGroup;
			children = (
				97E8557F1A1E2BC20018407E /* SampleCode */,
				97E855981A1E2BC20018407E /* SampleCodeTests */,
				97E8557E1A1E2BC20018407E /* Products */,
			);
			sourceTree = "<group>";
		};
		97E8557E1A1E2BC20018407E /* Products */ = {
			isa = PBXGroup;
			children = (
				97E8557D1A1E2BC20018407E /* SampleCode.app */,
				97E855951A1E2BC20018407E /* SampleCodeTests.xctest */,
			);
			name = Products;
			sourceTree = "<group>";
		};
		97E8557F1A1E2BC20018407E /* SampleCode */ = {
			isa = PBXGroup;
			children = (
				97E855821A1E2BC20018407E /* AppDelegate.swift */,
				97E855871A1E2BC20018407E /* ViewController.swift */,
				97E855891A1E2BC20018407E /* Main.storyboard */,
				97E8558C1A1E2BC20018407E /* Images.xcassets */,
				97E8558E1A1E2BC20018407E /* LaunchScreen.xib */,
				97E855841A1E2BC20018407E /* SampleCode.xcdatamodeld */,
				97E855801A1E2BC20018407E /* Supporting Files */,
			);
			path = SampleCode;
			sourceTree = "<group>";
		};
		97E855801A1E2BC20018407E /* Supporting Files */ = {
			isa = PBXGroup;
			children = (
				97E855811A1E2BC20018407E /* Info.plist */,
			);
			name = "Supporting Files";
			sourceTree = "<group>";
		};
		97E855981A1E2BC20018407E /* SampleCodeTests */ = {
			isa = PBXGroup;
			children = (
				97E8559B1A1E2BC20018407E /* SampleCodeTests.swift */,
				97E855991A1E2BC20018407E /* Supporting Files */,
			);
			path = SampleCodeTests;
			sourceTree = "<group>";
		};
		97E855991A1E2BC20018407E /* Supporting Files */ = {
			isa = PBXGroup;
			children = (
				97E8559A1A1E2BC20018407E /* Info.plist */,
			);
			name = "Supporting Files";
			sourceTree = "<group>";
		};
/* End PBXGroup section */

/* Begin PBXNativeTarget section */
		97E8557C1A1E2BC20018407E /* SampleCode */ = {
			isa = PBXNativeTarget;
			buildConfigurationList = 97E8559F1A1E2BC20018407E /* Build configuration list for PBXNativeTarget "SampleCode" */;
			buildPhases = (
				97E855791A1E2BC20018407E /* Sources */,
				97E8557A1A1E2BC20018407E /* Frameworks */,
				97E8557B1A1E2BC20018407E /* Resources */,
			);
			buildRules = (
			);
			dependencies = (
			);
			name = SampleCode;
			productName = SampleCode;
			productReference = 97E8557D1A1E2BC20018407E /* SampleCode.app */;
			productType = "com.apple.product-type.application";
		};
		97E855941A1E2BC20018407E /* SampleCodeTests */ = {
			isa = PBXNativeTarget;
			buildConfigurationList = 97E855A21A1E2BC20018407E /* Build configuration list for PBXNativeTarget "SampleCodeTests" */;
			buildPhases = (
				97E855911A1E2BC20018407E /* Sources */,
				97E855921A1E2BC20018407E /* Frameworks */,
				97E855931A1E2BC20018407E /* Resources */,
			);
			buildRules = (
			);
			dependencies = (
				97E855971A1E2BC20018407E /* PBXTargetDependency */,
			);
			name = SampleCodeTests;
			productName = SampleCodeTests;
			productReference = 97E855951A1E2BC20018407E /* SampleCodeTests.xctest */;
			productType = "com.apple.product-type.bundle.unit-test";
		};
/* End PBXNativeTarget section */

/* Begin PBXProject section */
		97E855751A1E2BC20018407E /* Project object */ = {
			isa = PBXProject;
			attributes = {
				LastUpgradeCheck = 0610;
				ORGANIZATIONNAME = Ramakrishna;
				TargetAttributes = {
					97E8557C1A1E2BC20018407E = {
						CreatedOnToolsVersion = 6.1;
					};
					97E855941A1E2BC20018407E = {
						CreatedOnToolsVersion = 6.1;
						TestTargetID = 97E8557C1A1E2BC20018407E;
					};
				};
			};
			buildConfigurationList = 97E855781A1E2BC20018407E /* Build configuration list for PBXProject "SampleCode" */;
			compatibilityVersion = "Xcode 3.2";
			developmentRegion = English;
			hasScannedForEncodings = 0;
			knownRegions = (
				en,
				Base,
			);
			mainGroup = 97E855741A1E2BC20018407E;
			productRefGroup = 97E8557E1A1E2BC20018407E /* Products */;
			projectDirPath = "";
			projectRoot = "";
			targets = (
				97E8557C1A1E2BC20018407E /* SampleCode */,
				97E855941A1E2BC20018407E /* SampleCodeTests */,
			);
		};
/* End PBXProject section */

/* Begin PBXResourcesBuildPhase section */
		97E8557B1A1E2BC20018407E /* Resources */ = {
			isa = PBXResourcesBuildPhase;
			buildActionMask = 2147483647;
			files = (
				97E8558B1A1E2BC20018407E /* Main.storyboard in Resources */,
				97E855901A1E2BC20018407E /* LaunchScreen.xib in Resources */,
				97E8558D1A1E2BC20018407E /* Images.xcassets in Resources */,
			);
			runOnlyForDeploymentPostprocessing = 0;
		};
		97E855931A1E2BC20018407E /* Resources */ = {
			isa = PBXResourcesBuildPhase;
			buildActionMask = 2147483647;
			files = (
			);
			runOnlyForDeploymentPostprocessing = 0;
		};
/* End PBXResourcesBuildPhase section */

/* Begin PBXSourcesBuildPhase section */
		97E855791A1E2BC20018407E /* Sources */ = {
			isa = PBXSourcesBuildPhase;
			buildActionMask = 2147483647;
			files = (
				97E855881A1E2BC20018407E /* ViewController.swift in Sources */,
				97E855861A1E2BC20018407E /* SampleCode.xcdatamodeld in Sources */,
				97E855831A1E2BC20018407E /* AppDelegate.swift in Sources */,
			);
			runOnlyForDeploymentPostprocessing = 0;
		};
		97E855911A1E2BC20018407E /* Sources */ = {
			isa = PBXSourcesBuildPhase;
			buildActionMask = 2147483647;
			files = (
				97E8559C1A1E2BC20018407E /* SampleCodeTests.swift in Sources */,
			);
			runOnlyForDeploymentPostprocessing = 0;
		};
/* End PBXSourcesBuildPhase section */

/* Begin PBXTargetDependency section */
		97E855971A1E2BC20018407E /* PBXTargetDependency */ = {
			isa = PBXTargetDependency;
			target = 97E8557C1A1E2BC20018407E /* SampleCode */;
			targetProxy = 97E855961A1E2BC20018407E /* PBXContainerItemProxy */;
		};
/* End PBXTargetDependency section */

/* Begin PBXVariantGroup section */
		97E855891A1E2BC20018407E /* Main.storyboard */ = {
			isa = PBXVariantGroup;
			children = (
				97E8558A1A1E2BC20018407E /* Base */,
			);
			name = Main.storyboard;
			sourceTree = "<group>";
		};
		97E8558E1A1E2BC20018407E /* LaunchScreen.xib */ = {
			isa = PBXVariantGroup;
			children = (
				97E8558F1A1E2BC20018407E /* Base */,
			);
			name = LaunchScreen.xib;
			sourceTree = "<group>";
		};
/* End PBXVariantGroup section */

/* Begin XCBuildConfiguration section */
		97E8559D1A1E2BC20018407E /* Debug */ = {
			isa = XCBuildConfiguration;
			buildSettings = {
				ALWAYS_SEARCH_USER_PATHS = NO;
				CLANG_CXX_LANGUAGE_STANDARD = "gnu++0x";
				CLANG_CXX_LIBRARY = "libc++";
				CLANG_ENABLE_MODULES = YES;
				CLANG_ENABLE_OBJC_ARC = YES;
				CLANG_WARN_BOOL_CONVERSION = YES;
				CLANG_WARN_CONSTANT_CONVERSION = YES;
				CLANG_WARN_DIRECT_OBJC_ISA_USAGE = YES_ERROR;
				CLANG_WARN_EMPTY_BODY = YES;
				CLANG_WARN_ENUM_CONVERSION = YES;
				CLANG_WARN_INT_CONVERSION = YES;
				CLANG_WARN_OBJC_ROOT_CLASS = YES_ERROR;
				CLANG_WARN_UNREACHABLE_CODE = YES;
				CLANG_WARN__DUPLICATE_METHOD_MATCH = YES;
				"CODE_SIGN_IDENTITY[sdk=iphoneos*]" = "iPhone Developer";
				COPY_PHASE_STRIP = NO;
				ENABLE_STRICT_OBJC_MSGSEND = YES;
				GCC_C_LANGUAGE_STANDARD = gnu99;
				GCC_DYNAMIC_NO_PIC = NO;
				GCC_OPTIMIZATION_LEVEL = 0;
				GCC_PREPROCESSOR_DEFINITIONS = (
					"DEBUG=1",
					"$(inherited)",
				);
				GCC_SYMBOLS_PRIVATE_EXTERN = NO;
				GCC_WARN_64_TO_32_BIT_CONVERSION = YES;
				GCC_WARN_ABOUT_RETURN_TYPE = YES_ERROR;
				GCC_WARN_UNDECLARED_SELECTOR = YES;
				GCC_WARN_UNINITIALIZED_AUTOS = YES_AGGRESSIVE;
				GCC_WARN_UNUSED_FUNCTION = YES;
				GCC_WARN_UNUSED_VARIABLE = YES;
				IPHONEOS_DEPLOYMENT_TARGET = 8.1;
				MTL_ENABLE_DEBUG_INFO = YES;
				ONLY_ACTIVE_ARCH = YES;
				SDKROOT = iphoneos;
				SWIFT_OPTIMIZATION_LEVEL = "-Onone";
			};
			name = Debug;
		};
		97E8559E1A1E2BC20018407E /* Release */ = {
			isa = XCBuildConfiguration;
			buildSettings = {
				ALWAYS_SEARCH_USER_PATHS = NO;
				CLANG_CXX_LANGUAGE_STANDARD = "gnu++0x";
				CLANG_CXX_LIBRARY = "libc++";
				CLANG_ENABLE_MODULES = YES;
				CLANG_ENABLE_OBJC_ARC = YES;
				CLANG_WARN_BOOL_CONVERSION = YES;
				CLANG_WARN_CONSTANT_CONVERSION = YES;
				CLANG_WARN_DIRECT_OBJC_ISA_USAGE = YES_ERROR;
				CLANG_WARN_EMPTY_BODY = YES;
				CLANG_WARN_ENUM_CONVERSION = YES;
				CLANG_WARN_INT_CONVERSION = YES;
				CLANG_WARN_OBJC_ROOT_CLASS = YES_ERROR;
				CLANG_WARN_UNREACHABLE_CODE = YES;
				CLANG_WARN__DUPLICATE_METHOD_MATCH = YES;
				"CODE_SIGN_IDENTITY[sdk=iphoneos*]" = "iPhone Developer";
				COPY_PHASE_STRIP = YES;
				ENABLE_NS_ASSERTIONS = NO;
				ENABLE_STRICT_OBJC_MSGSEND = YES;
				GCC_C_LANGUAGE_STANDARD = gnu99;
				GCC_WARN_64_TO_32_BIT_CONVERSION = YES;
				GCC_WARN_ABOUT_RETURN_TYPE = YES_ERROR;
				GCC_WARN_UNDECLARED_SELECTOR = YES;
				GCC_WARN_UNINITIALIZED_AUTOS = YES_AGGRESSIVE;
				GCC_WARN_UNUSED_FUNCTION = YES;
				GCC_WARN_UNUSED_VARIABLE = YES;
				IPHONEOS_DEPLOYMENT_TARGET = 8.1;
				MTL_ENABLE_DEBUG_INFO = NO;
				SDKROOT = iphoneos;
				VALIDATE_PRODUCT = YES;
			};
			name = Release;
		};
		97E855A01A1E2BC20018407E /* Debug */ = {
			isa = XCBuildConfiguration;
			buildSettings = {
				ASSETCATALOG_COMPILER_APPICON_NAME = AppIcon;
				INFOPLIST_FILE = SampleCode/Info.plist;
				LD_RUNPATH_SEARCH_PATHS = "$(inherited) @executable_path/Frameworks";
				PRODUCT_NAME = "$(TARGET_NAME)";
			};
			name = Debug;
		};
		97E855A11A1E2BC20018407E /* Release */ = {
			isa = XCBuildConfiguration;
			buildSettings = {
				ASSETCATALOG_COMPILER_APPICON_NAME = AppIcon;
				INFOPLIST_FILE = SampleCode/Info.plist;
				LD_RUNPATH_SEARCH_PATHS = "$(inherited) @executable_path/Frameworks";
				PRODUCT_NAME = "$(TARGET_NAME)";
			};
			name = Release;
		};
		97E855A31A1E2BC20018407E /* Debug */ = {
			isa = XCBuildConfiguration;
			buildSettings = {
				BUNDLE_LOADER = "$(TEST_HOST)";
				FRAMEWORK_SEARCH_PATHS = (
					"$(SDKROOT)/Developer/Library/Frameworks",
					"$(inherited)",
				);
				GCC_PREPROCESSOR_DEFINITIONS = (
					"DEBUG=1",
					"$(inherited)",
				);
				INFOPLIST_FILE = SampleCodeTests/Info.plist;
				LD_RUNPATH_SEARCH_PATHS = "$(inherited) @executable_path/Frameworks @loader_path/Frameworks";
				PRODUCT_NAME = "$(TARGET_NAME)";
				TEST_HOST = "$(BUILT_PRODUCTS_DIR)/SampleCode.app/SampleCode";
			};
			name = Debug;
		};
		97E855A41A1E2BC20018407E /* Release */ = {
			isa = XCBuildConfiguration;
			buildSettings = {
				BUNDLE_LOADER = "$(TEST_HOST)";
				FRAMEWORK_SEARCH_PATHS = (
					"$(SDKROOT)/Developer/Library/Frameworks",
					"$(inherited)",
				);
				INFOPLIST_FILE = SampleCodeTests/Info.plist;
				LD_RUNPATH_SEARCH_PATHS = "$(inherited) @executable_path/Frameworks @loader_path/Frameworks";
				PRODUCT_NAME = "$(TARGET_NAME)";
				TEST_HOST = "$(BUILT_PRODUCTS_DIR)/SampleCode.app/SampleCode";
			};
			name = Release;
		};
/* End XCBuildConfiguration section */

/* Begin XCConfigurationList section */
		97E855781A1E2BC20018407E /* Build configuration list for PBXProject "SampleCode" */ = {
			isa = XCConfigurationList;
			buildConfigurations = (
				97E8559D1A1E2BC20018407E /* Debug */,
				97E8559E1A1E2BC20018407E /* Release */,
			);
			defaultConfigurationIsVisible = 0;
			defaultConfigurationName = Release;
		};
		97E8559F1A1E2BC20018407E /* Build configuration list for PBXNativeTarget "SampleCode" */ = {
			isa = XCConfigurationList;
			buildConfigurations = (
				97E855A01A1E2BC20018407E /* Debug */,
				97E855A11A1E2BC20018407E /* Release */,
			);
			defaultConfigurationIsVisible = 0;
		};
		97E855A21A1E2BC20018407E /* Build configuration list for PBXNativeTarget "SampleCodeTests" */ = {
			isa = XCConfigurationList;
			buildConfigurations = (
				97E855A31A1E2BC20018407E /* Debug */,
				97E855A41A1E2BC20018407E /* Release */,
			);
			defaultConfigurationIsVisible = 0;
		};
/* End XCConfigurationList section */

/* Begin XCVersionGroup section */
		97E855841A1E2BC20018407E /* SampleCode.xcdatamodeld */ = {
			isa = XCVersionGroup;
			children = (
				97E855851A1E2BC20018407E /* SampleCode.xcdatamodel */,
			);
			currentVersion = 97E855851A1E2BC20018407E /* SampleCode.xcdatamodel */;
			path = SampleCode.xcdatamodeld;
			sourceTree = "<group>";
			versionGroupType = wrapper.xcdatamodel;
		};
/* End XCVersionGroup section */
	};
	rootObject = 97E855751A1E2BC20018407E /* Project object */;
}
